// !$*UTF8*$!
{
	archiveVersion = 1;
	classes = {
	};
	objectVersion = 50;
	objects = {

/* Begin PBXBuildFile section */
		CAA40DAF2124177200C17AAF /* AppDelegate.m in Sources */ = {isa = PBXBuildFile; fileRef = CAA40DAE2124177200C17AAF /* AppDelegate.m */; };
		CAA40DB22124177200C17AAF /* ViewController.m in Sources */ = {isa = PBXBuildFile; fileRef = CAA40DB12124177200C17AAF /* ViewController.m */; };
		CAA40DB52124177200C17AAF /* Main.storyboard in Resources */ = {isa = PBXBuildFile; fileRef = CAA40DB32124177200C17AAF /* Main.storyboard */; };
		CAA40DB72124177700C17AAF /* Assets.xcassets in Resources */ = {isa = PBXBuildFile; fileRef = CAA40DB62124177700C17AAF /* Assets.xcassets */; };
		CAA40DBA2124177700C17AAF /* LaunchScreen.storyboard in Resources */ = {isa = PBXBuildFile; fileRef = CAA40DB82124177700C17AAF /* LaunchScreen.storyboard */; };
		CAA40DBD2124177700C17AAF /* main.m in Sources */ = {isa = PBXBuildFile; fileRef = CAA40DBC2124177700C17AAF /* main.m */; };
		CAA40DC5212417C300C17AAF /* PieView.m in Sources */ = {isa = PBXBuildFile; fileRef = CAA40DC4212417C300C17AAF /* PieView.m */; };
/* End PBXBuildFile section */

/* Begin PBXFileReference section */
		CAA40DAA2124177100C17AAF /* 03-饼图.app */ = {isa = PBXFileReference; explicitFileType = wrapper.application; includeInIndex = 0; path = "03-饼图.app"; sourceTree = BUILT_PRODUCTS_DIR; };
		CAA40DAD2124177100C17AAF /* AppDelegate.h */ = {isa = PBXFileReference; lastKnownFileType = sourcecode.c.h; path = AppDelegate.h; sourceTree = "<group>"; };
		CAA40DAE2124177200C17AAF /* AppDelegate.m */ = {isa = PBXFileReference; lastKnownFileType = sourcecode.c.objc; path = AppDelegate.m; sourceTree = "<group>"; };
		CAA40DB02124177200C17AAF /* ViewController.h */ = {isa = PBXFileReference; lastKnownFileType = sourcecode.c.h; path = ViewController.h; sourceTree = "<group>"; };
		CAA40DB12124177200C17AAF /* ViewController.m */ = {isa = PBXFileReference; lastKnownFileType = sourcecode.c.objc; path = ViewController.m; sourceTree = "<group>"; };
		CAA40DB42124177200C17AAF /* Base */ = {isa = PBXFileReference; lastKnownFileType = file.storyboard; name = Base; path = Base.lproj/Main.storyboard; sourceTree = "<group>"; };
		CAA40DB62124177700C17AAF /* Assets.xcassets */ = {isa = PBXFileReference; lastKnownFileType = folder.assetcatalog; path = Assets.xcassets; sourceTree = "<group>"; };
		CAA40DB92124177700C17AAF /* Base */ = {isa = PBXFileReference; lastKnownFileType = file.storyboard; name = Base; path = Base.lproj/LaunchScreen.storyboard; sourceTree = "<group>"; };
		CAA40DBB2124177700C17AAF /* Info.plist */ = {isa = PBXFileReference; lastKnownFileType = text.plist.xml; path = Info.plist; sourceTree = "<group>"; };
		CAA40DBC2124177700C17AAF /* main.m */ = {isa = PBXFileReference; lastKnownFileType = sourcecode.c.objc; path = main.m; sourceTree = "<group>"; };
		CAA40DC3212417C300C17AAF /* PieView.h */ = {isa = PBXFileReference; lastKnownFileType = sourcecode.c.h; path = PieView.h; sourceTree = "<group>"; };
		CAA40DC4212417C300C17AAF /* PieView.m */ = {isa = PBXFileReference; lastKnownFileType = sourcecode.c.objc; path = PieView.m; sourceTree = "<group>"; };
/* End PBXFileReference section */

/* Begin PBXFrameworksBuildPhase section */
		CAA40DA72124177100C17AAF /* Frameworks */ = {
			isa = PBXFrameworksBuildPhase;
			buildActionMask = 2147483647;
			files = (
			);
			runOnlyForDeploymentPostprocessing = 0;
		};
/* End PBXFrameworksBuildPhase section */

/* Begin PBXGroup section */
		CAA40DA12124177100C17AAF = {
			isa = PBXGroup;
			children = (
				CAA40DAC2124177100C17AAF /* 03-饼图 */,
				CAA40DAB2124177100C17AAF /* Products */,
			);
			sourceTree = "<group>";
		};
		CAA40DAB2124177100C17AAF /* Products */ = {
			isa = PBXGroup;
			children = (
				CAA40DAA2124177100C17AAF /* 03-饼图.app */,
			);
			name = Products;
			sourceTree = "<group>";
		};
		CAA40DAC2124177100C17AAF /* 03-饼图 */ = {
			isa = PBXGroup;
			children = (
				CAA40DAD2124177100C17AAF /* AppDelegate.h */,
				CAA40DAE2124177200C17AAF /* AppDelegate.m */,
				CAA40DB02124177200C17AAF /* ViewController.h */,
				CAA40DB12124177200C17AAF /* ViewController.m */,
				CAA40DC3212417C300C17AAF /* PieView.h */,
				CAA40DC4212417C300C17AAF /* PieView.m */,
				CAA40DB32124177200C17AAF /* Main.storyboard */,
				CAA40DB62124177700C17AAF /* Assets.xcassets */,
				CAA40DB82124177700C17AAF /* LaunchScreen.storyboard */,
				CAA40DBB2124177700C17AAF /* Info.plist */,
				CAA40DBC2124177700C17AAF /* main.m */,
			);
			path = "03-饼图";
			sourceTree = "<group>";
		};
/* End PBXGroup section */

/* Begin PBXNativeTarget section */
		CAA40DA92124177100C17AAF /* 03-饼图 */ = {
			isa = PBXNativeTarget;
			buildConfigurationList = CAA40DC02124177700C17AAF /* Build configuration list for PBXNativeTarget "03-饼图" */;
			buildPhases = (
				CAA40DA62124177100C17AAF /* Sources */,
				CAA40DA72124177100C17AAF /* Frameworks */,
				CAA40DA82124177100C17AAF /* Resources */,
			);
			buildRules = (
			);
			dependencies = (
			);
			name = "03-饼图";
			productName = "03-饼图";
			productReference = CAA40DAA2124177100C17AAF /* 03-饼图.app */;
			productType = "com.apple.product-type.application";
		};
/* End PBXNativeTarget section */

/* Begin PBXProject section */
		CAA40DA22124177100C17AAF /* Project object */ = {
			isa = PBXProject;
			attributes = {
				LastUpgradeCheck = 0940;
				ORGANIZATIONNAME = Ju;
				TargetAttributes = {
					CAA40DA92124177100C17AAF = {
						CreatedOnToolsVersion = 9.4.1;
					};
				};
			};
			buildConfigurationList = CAA40DA52124177100C17AAF /* Build configuration list for PBXProject "03-饼图" */;
			compatibilityVersion = "Xcode 9.3";
			developmentRegion = en;
			hasScannedForEncodings = 0;
			knownRegions = (
				en,
				Base,
			);
			mainGroup = CAA40DA12124177100C17AAF;
			productRefGroup = CAA40DAB2124177100C17AAF /* Products */;
			projectDirPath = "";
			projectRoot = "";
			targets = (
				CAA40DA92124177100C17AAF /* 03-饼图 */,
			);
		};
/* End PBXProject section */

/* Begin PBXResourcesBuildPhase section */
		CAA40DA82124177100C17AAF /* Resources */ = {
			isa = PBXResourcesBuildPhase;
			buildActionMask = 2147483647;
			files = (
				CAA40DBA2124177700C17AAF /* LaunchScreen.storyboard in Resources */,
				CAA40DB72124177700C17AAF /* Assets.xcassets in Resources */,
				CAA40DB52124177200C17AAF /* Main.storyboard in Resources */,
			);
			runOnlyForDeploymentPostprocessing = 0;
		};
/* End PBXResourcesBuildPhase section */

/* Begin PBXSourcesBuildPhase section */
		CAA40DA62124177100C17AAF /* Sources */ = {
			isa = PBXSourcesBuildPhase;
			buildActionMask = 2147483647;
			files = (
				CAA40DB22124177200C17AAF /* ViewController.m in Sources */,
				CAA40DC5212417C300C17AAF /* PieView.m in Sources */,
				CAA40DBD2124177700C17AAF /* main.m in Sources */,
				CAA40DAF2124177200C17AAF /* AppDelegate.m in Sources */,
			);
			runOnlyForDeploymentPostprocessing = 0;
		};
/* End PBXSourcesBuildPhase section */

/* Begin PBXVariantGroup section */
		CAA40DB32124177200C17AAF /* Main.storyboard */ = {
			isa = PBXVariantGroup;
			children = (
				CAA40DB42124177200C17AAF /* Base */,
			);
			name = Main.storyboard;
			sourceTree = "<group>";
		};
		CAA40DB82124177700C17AAF /* LaunchScreen.storyboard */ = {
			isa = PBXVariantGroup;
			children = (
				CAA40DB92124177700C17AAF /* Base */,
			);
			name = LaunchScreen.storyboard;
			sourceTree = "<group>";
		};
/* End PBXVariantGroup section */

/* Begin XCBuildConfiguration section */
		CAA40DBE2124177700C17AAF /* Debug */ = {
			isa = XCBuildConfiguration;
			buildSettings = {
				ALWAYS_SEARCH_USER_PATHS = NO;
				CLANG_ANALYZER_NONNULL = YES;
				CLANG_ANALYZER_NUMBER_OBJECT_CONVERSION = YES_AGGRESSIVE;
				CLANG_CXX_LANGUAGE_STANDARD = "gnu++14";
				CLANG_CXX_LIBRARY = "libc++";
				CLANG_ENABLE_MODULES = YES;
				CLANG_ENABLE_OBJC_ARC = YES;
				CLANG_ENABLE_OBJC_WEAK = YES;
				CLANG_WARN_BLOCK_CAPTURE_AUTORELEASING = YES;
				CLANG_WARN_BOOL_CONVERSION = YES;
				CLANG_WARN_COMMA = YES;
				CLANG_WARN_CONSTANT_CONVERSION = YES;
				CLANG_WARN_DEPRECATED_OBJC_IMPLEMENTATIONS = YES;
				CLANG_WARN_DIRECT_OBJC_ISA_USAGE = YES_ERROR;
				CLANG_WARN_DOCUMENTATION_COMMENTS = YES;
				CLANG_WARN_EMPTY_BODY = YES;
				CLANG_WARN_ENUM_CONVERSION = YES;
				CLANG_WARN_INFINITE_RECURSION = YES;
				CLANG_WARN_INT_CONVERSION = YES;
				CLANG_WARN_NON_LITERAL_NULL_CONVERSION = YES;
				CLANG_WARN_OBJC_IMPLICIT_RETAIN_SELF = YES;
				CLANG_WARN_OBJC_LITERAL_CONVERSION = YES;
				CLANG_WARN_OBJC_ROOT_CLASS = YES_ERROR;
				CLANG_WARN_RANGE_LOOP_ANALYSIS = YES;
				CLANG_WARN_STRICT_PROTOTYPES = YES;
				CLANG_WARN_SUSPICIOUS_MOVE = YES;
				CLANG_WARN_UNGUARDED_AVAILABILITY = YES_AGGRESSIVE;
				CLANG_WARN_UNREACHABLE_CODE = YES;
				CLANG_WARN__DUPLICATE_METHOD_MATCH = YES;
				CODE_SIGN_IDENTITY = "iPhone Developer";
				COPY_PHASE_STRIP = NO;
				DEBUG_INFORMATION_FORMAT = dwarf;
				ENABLE_STRICT_OBJC_MSGSEND = YES;
				ENABLE_TESTABILITY = YES;
				GCC_C_LANGUAGE_STANDARD = gnu11;
				GCC_DYNAMIC_NO_PIC = NO;
				GCC_NO_COMMON_BLOCKS = YES;
				GCC_OPTIMIZATION_LEVEL = 0;
				GCC_PREPROCESSOR_DEFINITIONS = (
					"DEBUG=1",
					"$(inherited)",
				);
				GCC_WARN_64_TO_32_BIT_CONVERSION = YES;
				GCC_WARN_ABOUT_RETURN_TYPE = YES_ERROR;
				GCC_WARN_UNDECLARED_SELECTOR = YES;
				GCC_WARN_UNINITIALIZED_AUTOS = YES_AGGRESSIVE;
				GCC_WARN_UNUSED_FUNCTION = YES;
				GCC_WARN_UNUSED_VARIABLE = YES;
				IPHONEOS_DEPLOYMENT_TARGET = 11.4;
				MTL_ENABLE_DEBUG_INFO = YES;
				ONLY_ACTIVE_ARCH = YES;
				SDKROOT = iphoneos;
			};
			name = Debug;
		};
		CAA40DBF2124177700C17AAF /* Release */ = {
			isa = XCBuildConfiguration;
			buildSettings = {
				ALWAYS_SEARCH_USER_PATHS = NO;
				CLANG_ANALYZER_NONNULL = YES;
				CLANG_ANALYZER_NUMBER_OBJECT_CONVERSION = YES_AGGRESSIVE;
				CLANG_CXX_LANGUAGE_STANDARD = "gnu++14";
				CLANG_CXX_LIBRARY = "libc++";
				CLANG_ENABLE_MODULES = YES;
				CLANG_ENABLE_OBJC_ARC = YES;
				CLANG_ENABLE_OBJC_WEAK = YES;
				CLANG_WARN_BLOCK_CAPTURE_AUTORELEASING = YES;
				CLANG_WARN_BOOL_CONVERSION = YES;
				CLANG_WARN_COMMA = YES;
				CLANG_WARN_CONSTANT_CONVERSION = YES;
				CLANG_WARN_DEPRECATED_OBJC_IMPLEMENTATIONS = YES;
				CLANG_WARN_DIRECT_OBJC_ISA_USAGE = YES_ERROR;
				CLANG_WARN_DOCUMENTATION_COMMENTS = YES;
				CLANG_WARN_EMPTY_BODY = YES;
				CLANG_WARN_ENUM_CONVERSION = YES;
				CLANG_WARN_INFINITE_RECURSION = YES;
				CLANG_WARN_INT_CONVERSION = YES;
				CLANG_WARN_NON_LITERAL_NULL_CONVERSION = YES;
				CLANG_WARN_OBJC_IMPLICIT_RETAIN_SELF = YES;
				CLANG_WARN_OBJC_LITERAL_CONVERSION = YES;
				CLANG_WARN_OBJC_ROOT_CLASS = YES_ERROR;
				CLANG_WARN_RANGE_LOOP_ANALYSIS = YES;
				CLANG_WARN_STRICT_PROTOTYPES = YES;
				CLANG_WARN_SUSPICIOUS_MOVE = YES;
				CLANG_WARN_UNGUARDED_AVAILABILITY = YES_AGGRESSIVE;
				CLANG_WARN_UNREACHABLE_CODE = YES;
				CLANG_WARN__DUPLICATE_METHOD_MATCH = YES;
				CODE_SIGN_IDENTITY = "iPhone Developer";
				COPY_PHASE_STRIP = NO;
				DEBUG_INFORMATION_FORMAT = "dwarf-with-dsym";
				ENABLE_NS_ASSERTIONS = NO;
				ENABLE_STRICT_OBJC_MSGSEND = YES;
				GCC_C_LANGUAGE_STANDARD = gnu11;
				GCC_NO_COMMON_BLOCKS = YES;
				GCC_WARN_64_TO_32_BIT_CONVERSION = YES;
				GCC_WARN_ABOUT_RETURN_TYPE = YES_ERROR;
				GCC_WARN_UNDECLARED_SELECTOR = YES;
				GCC_WARN_UNINITIALIZED_AUTOS = YES_AGGRESSIVE;
				GCC_WARN_UNUSED_FUNCTION = YES;
				GCC_WARN_UNUSED_VARIABLE = YES;
				IPHONEOS_DEPLOYMENT_TARGET = 11.4;
				MTL_ENABLE_DEBUG_INFO = NO;
				SDKROOT = iphoneos;
				VALIDATE_PRODUCT = YES;
			};
			name = Release;
		};
		CAA40DC12124177700C17AAF /* Debug */ = {
			isa = XCBuildConfiguration;
			buildSettings = {
				ASSETCATALOG_COMPILER_APPICON_NAME = AppIcon;
				CODE_SIGN_STYLE = Automatic;
				INFOPLIST_FILE = "03-饼图/Info.plist";
				LD_RUNPATH_SEARCH_PATHS = (
					"$(inherited)",
					"@executable_path/Frameworks",
				);
				PRODUCT_BUNDLE_IDENTIFIER = "com.ju.-3---";
				PRODUCT_NAME = "$(TARGET_NAME)";
				TARGETED_DEVICE_FAMILY = "1,2";
			};
			name = Debug;
		};
		CAA40DC22124177700C17AAF /* Release */ = {
			isa = XCBuildConfiguration;
			buildSettings = {
				ASSETCATALOG_COMPILER_APPICON_NAME = AppIcon;
				CODE_SIGN_STYLE = Automatic;
				INFOPLIST_FILE = "03-饼图/Info.plist";
				LD_RUNPATH_SEARCH_PATHS = (
					"$(inherited)",
					"@executable_path/Frameworks",
				);
				PRODUCT_BUNDLE_IDENTIFIER = "com.ju.-3---";
				PRODUCT_NAME = "$(TARGET_NAME)";
				TARGETED_DEVICE_FAMILY = "1,2";
			};
			name = Release;
		};
/* End XCBuildConfiguration section */

/* Begin XCConfigurationList section */
		CAA40DA52124177100C17AAF /* Build configuration list for PBXProject "03-饼图" */ = {
			isa = XCConfigurationList;
			buildConfigurations = (
				CAA40DBE2124177700C17AAF /* Debug */,
				CAA40DBF2124177700C17AAF /* Release */,
			);
			defaultConfigurationIsVisible = 0;
			defaultConfigurationName = Release;
		};
		CAA40DC02124177700C17AAF /* Build configuration list for PBXNativeTarget "03-饼图" */ = {
			isa = XCConfigurationList;
			buildConfigurations = (
				CAA40DC12124177700C17AAF /* Debug */,
				CAA40DC22124177700C17AAF /* Release */,
			);
			defaultConfigurationIsVisible = 0;
			defaultConfigurationName = Release;
		};
/* End XCConfigurationList section */
	};
	rootObject = CAA40DA22124177100C17AAF /* Project object */;
}
